// !$*UTF8*$!
{
	archiveVersion = 1;
	classes = {
	};
	objectVersion = 50;
	objects = {

/* Begin PBXBuildFile section */
		108D95CD2188C19400D1B04D /* AppDelegate.swift in Sources */ = {isa = PBXBuildFile; fileRef = 108D95CC2188C19400D1B04D /* AppDelegate.swift */; };
		108D95D22188C19400D1B04D /* Main.storyboard in Resources */ = {isa = PBXBuildFile; fileRef = 108D95D02188C19400D1B04D /* Main.storyboard */; };
		108D95D42188C19600D1B04D /* Assets.xcassets in Resources */ = {isa = PBXBuildFile; fileRef = 108D95D32188C19600D1B04D /* Assets.xcassets */; };
		108D95D72188C19600D1B04D /* LaunchScreen.storyboard in Resources */ = {isa = PBXBuildFile; fileRef = 108D95D52188C19600D1B04D /* LaunchScreen.storyboard */; };
		108D95E02188C2C600D1B04D /* GroceryListTableViewController.swift in Sources */ = {isa = PBXBuildFile; fileRef = 108D95DF2188C2C600D1B04D /* GroceryListTableViewController.swift */; };
		108D95E32188D56500D1B04D /* ItemTableViewCell.swift in Sources */ = {isa = PBXBuildFile; fileRef = 108D95E22188D56500D1B04D /* ItemTableViewCell.swift */; };
/* End PBXBuildFile section */

/* Begin PBXFileReference section */
		108D95C92188C19400D1B04D /* Grocery Companion.app */ = {isa = PBXFileReference; explicitFileType = wrapper.application; includeInIndex = 0; path = "Grocery Companion.app"; sourceTree = BUILT_PRODUCTS_DIR; };
		108D95CC2188C19400D1B04D /* AppDelegate.swift */ = {isa = PBXFileReference; lastKnownFileType = sourcecode.swift; path = AppDelegate.swift; sourceTree = "<group>"; };
		108D95D12188C19400D1B04D /* Base */ = {isa = PBXFileReference; lastKnownFileType = file.storyboard; name = Base; path = Base.lproj/Main.storyboard; sourceTree = "<group>"; };
		108D95D32188C19600D1B04D /* Assets.xcassets */ = {isa = PBXFileReference; lastKnownFileType = folder.assetcatalog; path = Assets.xcassets; sourceTree = "<group>"; };
		108D95D62188C19600D1B04D /* Base */ = {isa = PBXFileReference; lastKnownFileType = file.storyboard; name = Base; path = Base.lproj/LaunchScreen.storyboard; sourceTree = "<group>"; };
		108D95D82188C19600D1B04D /* Info.plist */ = {isa = PBXFileReference; lastKnownFileType = text.plist.xml; path = Info.plist; sourceTree = "<group>"; };
		108D95DF2188C2C600D1B04D /* GroceryListTableViewController.swift */ = {isa = PBXFileReference; lastKnownFileType = sourcecode.swift; path = GroceryListTableViewController.swift; sourceTree = "<group>"; };
		108D95E22188D56500D1B04D /* ItemTableViewCell.swift */ = {isa = PBXFileReference; lastKnownFileType = sourcecode.swift; path = ItemTableViewCell.swift; sourceTree = "<group>"; };
/* End PBXFileReference section */

/* Begin PBXFrameworksBuildPhase section */
		108D95C62188C19400D1B04D /* Frameworks */ = {
			isa = PBXFrameworksBuildPhase;
			buildActionMask = 2147483647;
			files = (
			);
			runOnlyForDeploymentPostprocessing = 0;
		};
/* End PBXFrameworksBuildPhase section */

/* Begin PBXGroup section */
		108D95C02188C19400D1B04D = {
			isa = PBXGroup;
			children = (
				108D95CB2188C19400D1B04D /* Grocery Companion */,
				108D95CA2188C19400D1B04D /* Products */,
			);
			sourceTree = "<group>";
		};
		108D95CA2188C19400D1B04D /* Products */ = {
			isa = PBXGroup;
			children = (
				108D95C92188C19400D1B04D /* Grocery Companion.app */,
			);
			name = Products;
			sourceTree = "<group>";
		};
		108D95CB2188C19400D1B04D /* Grocery Companion */ = {
			isa = PBXGroup;
			children = (
				108D95D02188C19400D1B04D /* Main.storyboard */,
				108D95E42188D57100D1B04D /* View */,
				108D95E12188C2D000D1B04D /* View Controllers */,
				108D95DE2188C1DE00D1B04D /* Resources */,
			);
			path = "Grocery Companion";
			sourceTree = "<group>";
		};
		108D95DE2188C1DE00D1B04D /* Resources */ = {
			isa = PBXGroup;
			children = (
				108D95CC2188C19400D1B04D /* AppDelegate.swift */,
				108D95D32188C19600D1B04D /* Assets.xcassets */,
				108D95D52188C19600D1B04D /* LaunchScreen.storyboard */,
				108D95D82188C19600D1B04D /* Info.plist */,
			);
			path = Resources;
			sourceTree = "<group>";
		};
		108D95E12188C2D000D1B04D /* View Controllers */ = {
			isa = PBXGroup;
			children = (
				108D95DF2188C2C600D1B04D /* GroceryListTableViewController.swift */,
			);
			path = "View Controllers";
			sourceTree = "<group>";
		};
		108D95E42188D57100D1B04D /* View */ = {
			isa = PBXGroup;
			children = (
				108D95E22188D56500D1B04D /* ItemTableViewCell.swift */,
			);
			path = View;
			sourceTree = "<group>";
		};
/* End PBXGroup section */

/* Begin PBXNativeTarget section */
		108D95C82188C19400D1B04D /* Grocery Companion */ = {
			isa = PBXNativeTarget;
			buildConfigurationList = 108D95DB2188C19600D1B04D /* Build configuration list for PBXNativeTarget "Grocery Companion" */;
			buildPhases = (
				108D95C52188C19400D1B04D /* Sources */,
				108D95C62188C19400D1B04D /* Frameworks */,
				108D95C72188C19400D1B04D /* Resources */,
			);
			buildRules = (
			);
			dependencies = (
			);
			name = "Grocery Companion";
			productName = "Grocery Companion";
			productReference = 108D95C92188C19400D1B04D /* Grocery Companion.app */;
			productType = "com.apple.product-type.application";
		};
/* End PBXNativeTarget section */

/* Begin PBXProject section */
		108D95C12188C19400D1B04D /* Project object */ = {
			isa = PBXProject;
			attributes = {
				LastSwiftUpdateCheck = 1000;
				LastUpgradeCheck = 1000;
				ORGANIZATIONNAME = "Andrew Liao";
				TargetAttributes = {
					108D95C82188C19400D1B04D = {
						CreatedOnToolsVersion = 10.0;
					};
				};
			};
			buildConfigurationList = 108D95C42188C19400D1B04D /* Build configuration list for PBXProject "Grocery Companion" */;
			compatibilityVersion = "Xcode 9.3";
			developmentRegion = en;
			hasScannedForEncodings = 0;
			knownRegions = (
				en,
				Base,
			);
			mainGroup = 108D95C02188C19400D1B04D;
			productRefGroup = 108D95CA2188C19400D1B04D /* Products */;
			projectDirPath = "";
			projectRoot = "";
			targets = (
				108D95C82188C19400D1B04D /* Grocery Companion */,
			);
		};
/* End PBXProject section */

/* Begin PBXResourcesBuildPhase section */
		108D95C72188C19400D1B04D /* Resources */ = {
			isa = PBXResourcesBuildPhase;
			buildActionMask = 2147483647;
			files = (
				108D95D72188C19600D1B04D /* LaunchScreen.storyboard in Resources */,
				108D95D42188C19600D1B04D /* Assets.xcassets in Resources */,
				108D95D22188C19400D1B04D /* Main.storyboard in Resources */,
			);
			runOnlyForDeploymentPostprocessing = 0;
		};
/* End PBXResourcesBuildPhase section */

/* Begin PBXSourcesBuildPhase section */
		108D95C52188C19400D1B04D /* Sources */ = {
			isa = PBXSourcesBuildPhase;
			buildActionMask = 2147483647;
			files = (
				108D95CD2188C19400D1B04D /* AppDelegate.swift in Sources */,
				108D95E32188D56500D1B04D /* ItemTableViewCell.swift in Sources */,
				108D95E02188C2C600D1B04D /* GroceryListTableViewController.swift in Sources */,
			);
			runOnlyForDeploymentPostprocessing = 0;
		};
/* End PBXSourcesBuildPhase section */

/* Begin PBXVariantGroup section */
		108D95D02188C19400D1B04D /* Main.storyboard */ = {
			isa = PBXVariantGroup;
			children = (
				108D95D12188C19400D1B04D /* Base */,
			);
			name = Main.storyboard;
			sourceTree = "<group>";
		};
		108D95D52188C19600D1B04D /* LaunchScreen.storyboard */ = {
			isa = PBXVariantGroup;
			children = (
				108D95D62188C19600D1B04D /* Base */,
			);
			name = LaunchScreen.storyboard;
			sourceTree = "<group>";
		};
/* End PBXVariantGroup section */

/* Begin XCBuildConfiguration section */
		108D95D92188C19600D1B04D /* Debug */ = {
			isa = XCBuildConfiguration;
			buildSettings = {
				ALWAYS_SEARCH_USER_PATHS = NO;
				CLANG_ANALYZER_NONNULL = YES;
				CLANG_ANALYZER_NUMBER_OBJECT_CONVERSION = YES_AGGRESSIVE;
				CLANG_CXX_LANGUAGE_STANDARD = "gnu++14";
				CLANG_CXX_LIBRARY = "libc++";
				CLANG_ENABLE_MODULES = YES;
				CLANG_ENABLE_OBJC_ARC = YES;
				CLANG_ENABLE_OBJC_WEAK = YES;
				CLANG_WARN_BLOCK_CAPTURE_AUTORELEASING = YES;
				CLANG_WARN_BOOL_CONVERSION = YES;
				CLANG_WARN_COMMA = YES;
				CLANG_WARN_CONSTANT_CONVERSION = YES;
				CLANG_WARN_DEPRECATED_OBJC_IMPLEMENTATIONS = YES;
				CLANG_WARN_DIRECT_OBJC_ISA_USAGE = YES_ERROR;
				CLANG_WARN_DOCUMENTATION_COMMENTS = YES;
				CLANG_WARN_EMPTY_BODY = YES;
				CLANG_WARN_ENUM_CONVERSION = YES;
				CLANG_WARN_INFINITE_RECURSION = YES;
				CLANG_WARN_INT_CONVERSION = YES;
				CLANG_WARN_NON_LITERAL_NULL_CONVERSION = YES;
				CLANG_WARN_OBJC_IMPLICIT_RETAIN_SELF = YES;
				CLANG_WARN_OBJC_LITERAL_CONVERSION = YES;
				CLANG_WARN_OBJC_ROOT_CLASS = YES_ERROR;
				CLANG_WARN_RANGE_LOOP_ANALYSIS = YES;
				CLANG_WARN_STRICT_PROTOTYPES = YES;
				CLANG_WARN_SUSPICIOUS_MOVE = YES;
				CLANG_WARN_UNGUARDED_AVAILABILITY = YES_AGGRESSIVE;
				CLANG_WARN_UNREACHABLE_CODE = YES;
				CLANG_WARN__DUPLICATE_METHOD_MATCH = YES;
				CODE_SIGN_IDENTITY = "iPhone Developer";
				COPY_PHASE_STRIP = NO;
				DEBUG_INFORMATION_FORMAT = dwarf;
				ENABLE_STRICT_OBJC_MSGSEND = YES;
				ENABLE_TESTABILITY = YES;
				GCC_C_LANGUAGE_STANDARD = gnu11;
				GCC_DYNAMIC_NO_PIC = NO;
				GCC_NO_COMMON_BLOCKS = YES;
				GCC_OPTIMIZATION_LEVEL = 0;
				GCC_PREPROCESSOR_DEFINITIONS = (
					"DEBUG=1",
					"$(inherited)",
				);
				GCC_WARN_64_TO_32_BIT_CONVERSION = YES;
				GCC_WARN_ABOUT_RETURN_TYPE = YES_ERROR;
				GCC_WARN_UNDECLARED_SELECTOR = YES;
				GCC_WARN_UNINITIALIZED_AUTOS = YES_AGGRESSIVE;
				GCC_WARN_UNUSED_FUNCTION = YES;
				GCC_WARN_UNUSED_VARIABLE = YES;
				IPHONEOS_DEPLOYMENT_TARGET = 12.0;
				MTL_ENABLE_DEBUG_INFO = INCLUDE_SOURCE;
				MTL_FAST_MATH = YES;
				ONLY_ACTIVE_ARCH = YES;
				SDKROOT = iphoneos;
				SWIFT_ACTIVE_COMPILATION_CONDITIONS = DEBUG;
				SWIFT_OPTIMIZATION_LEVEL = "-Onone";
			};
			name = Debug;
		};
		108D95DA2188C19600D1B04D /* Release */ = {
			isa = XCBuildConfiguration;
			buildSettings = {
				ALWAYS_SEARCH_USER_PATHS = NO;
				CLANG_ANALYZER_NONNULL = YES;
				CLANG_ANALYZER_NUMBER_OBJECT_CONVERSION = YES_AGGRESSIVE;
				CLANG_CXX_LANGUAGE_STANDARD = "gnu++14";
				CLANG_CXX_LIBRARY = "libc++";
				CLANG_ENABLE_MODULES = YES;
				CLANG_ENABLE_OBJC_ARC = YES;
				CLANG_ENABLE_OBJC_WEAK = YES;
				CLANG_WARN_BLOCK_CAPTURE_AUTORELEASING = YES;
				CLANG_WARN_BOOL_CONVERSION = YES;
				CLANG_WARN_COMMA = YES;
				CLANG_WARN_CONSTANT_CONVERSION = YES;
				CLANG_WARN_DEPRECATED_OBJC_IMPLEMENTATIONS = YES;
				CLANG_WARN_DIRECT_OBJC_ISA_USAGE = YES_ERROR;
				CLANG_WARN_DOCUMENTATION_COMMENTS = YES;
				CLANG_WARN_EMPTY_BODY = YES;
				CLANG_WARN_ENUM_CONVERSION = YES;
				CLANG_WARN_INFINITE_RECURSION = YES;
				CLANG_WARN_INT_CONVERSION = YES;
				CLANG_WARN_NON_LITERAL_NULL_CONVERSION = YES;
				CLANG_WARN_OBJC_IMPLICIT_RETAIN_SELF = YES;
				CLANG_WARN_OBJC_LITERAL_CONVERSION = YES;
				CLANG_WARN_OBJC_ROOT_CLASS = YES_ERROR;
				CLANG_WARN_RANGE_LOOP_ANALYSIS = YES;
				CLANG_WARN_STRICT_PROTOTYPES = YES;
				CLANG_WARN_SUSPICIOUS_MOVE = YES;
				CLANG_WARN_UNGUARDED_AVAILABILITY = YES_AGGRESSIVE;
				CLANG_WARN_UNREACHABLE_CODE = YES;
				CLANG_WARN__DUPLICATE_METHOD_MATCH = YES;
				CODE_SIGN_IDENTITY = "iPhone Developer";
				COPY_PHASE_STRIP = NO;
				DEBUG_INFORMATION_FORMAT = "dwarf-with-dsym";
				ENABLE_NS_ASSERTIONS = NO;
				ENABLE_STRICT_OBJC_MSGSEND = YES;
				GCC_C_LANGUAGE_STANDARD = gnu11;
				GCC_NO_COMMON_BLOCKS = YES;
				GCC_WARN_64_TO_32_BIT_CONVERSION = YES;
				GCC_WARN_ABOUT_RETURN_TYPE = YES_ERROR;
				GCC_WARN_UNDECLARED_SELECTOR = YES;
				GCC_WARN_UNINITIALIZED_AUTOS = YES_AGGRESSIVE;
				GCC_WARN_UNUSED_FUNCTION = YES;
				GCC_WARN_UNUSED_VARIABLE = YES;
				IPHONEOS_DEPLOYMENT_TARGET = 12.0;
				MTL_ENABLE_DEBUG_INFO = NO;
				MTL_FAST_MATH = YES;
				SDKROOT = iphoneos;
				SWIFT_COMPILATION_MODE = wholemodule;
				SWIFT_OPTIMIZATION_LEVEL = "-O";
				VALIDATE_PRODUCT = YES;
			};
			name = Release;
		};
		108D95DC2188C19600D1B04D /* Debug */ = {
			isa = XCBuildConfiguration;
			buildSettings = {
				ASSETCATALOG_COMPILER_APPICON_NAME = AppIcon;
				CODE_SIGN_STYLE = Automatic;
				DEVELOPMENT_TEAM = 579Y2HH9JP;
				INFOPLIST_FILE = "$(SRCROOT)/Grocery Companion/Resources/Info.plist";
				LD_RUNPATH_SEARCH_PATHS = (
					"$(inherited)",
					"@executable_path/Frameworks",
				);
				PRODUCT_BUNDLE_IDENTIFIER = "com.andrew.Grocery-Companion";
				PRODUCT_NAME = "$(TARGET_NAME)";
				SWIFT_VERSION = 4.2;
				TARGETED_DEVICE_FAMILY = "1,2";
			};
			name = Debug;
		};
		108D95DD2188C19600D1B04D /* Release */ = {
			isa = XCBuildConfiguration;
			buildSettings = {
				ASSETCATALOG_COMPILER_APPICON_NAME = AppIcon;
				CODE_SIGN_STYLE = Automatic;
				DEVELOPMENT_TEAM = 579Y2HH9JP;
				INFOPLIST_FILE = "$(SRCROOT)/Grocery Companion/Resources/Info.plist";
				LD_RUNPATH_SEARCH_PATHS = (
					"$(inherited)",
					"@executable_path/Frameworks",
				);
				PRODUCT_BUNDLE_IDENTIFIER = "com.andrew.Grocery-Companion";
				PRODUCT_NAME = "$(TARGET_NAME)";
				SWIFT_VERSION = 4.2;
				TARGETED_DEVICE_FAMILY = "1,2";
			};
			name = Release;
		};
/* End XCBuildConfiguration section */

/* Begin XCConfigurationList section */
		108D95C42188C19400D1B04D /* Build configuration list for PBXProject "Grocery Companion" */ = {
			isa = XCConfigurationList;
			buildConfigurations = (
				108D95D92188C19600D1B04D /* Debug */,
				108D95DA2188C19600D1B04D /* Release */,
			);
			defaultConfigurationIsVisible = 0;
			defaultConfigurationName = Release;
		};
		108D95DB2188C19600D1B04D /* Build configuration list for PBXNativeTarget "Grocery Companion" */ = {
			isa = XCConfigurationList;
			buildConfigurations = (
				108D95DC2188C19600D1B04D /* Debug */,
				108D95DD2188C19600D1B04D /* Release */,
			);
			defaultConfigurationIsVisible = 0;
			defaultConfigurationName = Release;
		};
/* End XCConfigurationList section */
	};
	rootObject = 108D95C12188C19400D1B04D /* Project object */;
}
