PODS:
  - GPUImage (0.1.7)
  - SwiftOCR (1.1):
    - GPUImage
  - TesseractOCRiOS (5.0.1)

DEPENDENCIES:
  - SwiftOCR
  - TesseractOCRiOS

SPEC REPOS:
  https://github.com/cocoapods/specs.git:
    - GPUImage
    - SwiftOCR
    - TesseractOCRiOS

SPEC CHECKSUMS:
  GPUImage: 733a5f0fab92df9de1c37ba9df520a833ccb406d
  SwiftOCR: e1a5c7582f074b54df2b1ad273983088b3cf5d45
  TesseractOCRiOS: 2c189465f86abb030d0c5141c90da9705b647854

PODFILE CHECKSUM: bd9867efee4436a5e2e52bd825fd0bff212238e7

COCOAPODS: 1.6.0
